// !$*UTF8*$!
{
	archiveVersion = 1;
	classes = {
	};
	objectVersion = 77;
	objects = {

/* Begin PBXContainerItemProxy section */
		3B7138E22F9FE79300D24883 /* PBXContainerItemProxy */ = {
			isa = PBXContainerItemProxy;
			containerPortal = 3B7138CC2F9FE79200D24883 /* Project object */;
			proxyType = 1;
			remoteGlobalIDString = 3B7138D32F9FE79200D24883;
			remoteInfo = RadioPremium;
		};
		3B7138EC2F9FE79300D24883 /* PBXContainerItemProxy */ = {
			isa = PBXContainerItemProxy;
			containerPortal = 3B7138CC2F9FE79200D24883 /* Project object */;
			proxyType = 1;
			remoteGlobalIDString = 3B7138D32F9FE79200D24883;
			remoteInfo = RadioPremium;
		};
		3BCCD64C2FC0CB0600292924 /* PBXContainerItemProxy */ = {
			isa = PBXContainerItemProxy;
			containerPortal = 3B7138CC2F9FE79200D24883 /* Project object */;
			proxyType = 1;
			remoteGlobalIDString = 3BCCD63E2FC0CB0500292924;
			remoteInfo = "RadioPremium-iOS";
		};
		3BCCD6562FC0CB0600292924 /* PBXContainerItemProxy */ = {
			isa = PBXContainerItemProxy;
			containerPortal = 3B7138CC2F9FE79200D24883 /* Project object */;
			proxyType = 1;
			remoteGlobalIDString = 3BCCD63E2FC0CB0500292924;
			remoteInfo = "RadioPremium-iOS";
		};
/* End PBXContainerItemProxy section */

/* Begin PBXFileReference section */
		3B7138D42F9FE79200D24883 /* RadioPremium.app */ = {isa = PBXFileReference; explicitFileType = wrapper.application; includeInIndex = 0; path = RadioPremium.app; sourceTree = BUILT_PRODUCTS_DIR; };
		3B7138E12F9FE79300D24883 /* RadioPremiumTests.xctest */ = {isa = PBXFileReference; explicitFileType = wrapper.cfbundle; includeInIndex = 0; path = RadioPremiumTests.xctest; sourceTree = BUILT_PRODUCTS_DIR; };
		3B7138EB2F9FE79300D24883 /* RadioPremiumUITests.xctest */ = {isa = PBXFileReference; explicitFileType = wrapper.cfbundle; includeInIndex = 0; path = RadioPremiumUITests.xctest; sourceTree = BUILT_PRODUCTS_DIR; };
		3BCCD63F2FC0CB0500292924 /* RadioPremium-iOS.app */ = {isa = PBXFileReference; explicitFileType = wrapper.application; includeInIndex = 0; path = "RadioPremium-iOS.app"; sourceTree = BUILT_PRODUCTS_DIR; };
		3BCCD64B2FC0CB0600292924 /* RadioPremium-iOSTests.xctest */ = {isa = PBXFileReference; explicitFileType = wrapper.cfbundle; includeInIndex = 0; path = "RadioPremium-iOSTests.xctest"; sourceTree = BUILT_PRODUCTS_DIR; };
		3BCCD6552FC0CB0600292924 /* RadioPremium-iOSUITests.xctest */ = {isa = PBXFileReference; explicitFileType = wrapper.cfbundle; includeInIndex = 0; path = "RadioPremium-iOSUITests.xctest"; sourceTree = BUILT_PRODUCTS_DIR; };
/* End PBXFileReference section */

/* Begin PBXFileSystemSynchronizedRootGroup section */
		3B7138D62F9FE79200D24883 /* RadioPremium */ = {
			isa = PBXFileSystemSynchronizedRootGroup;
			path = RadioPremium;
			sourceTree = "<group>";
		};
		3B7138E42F9FE79300D24883 /* RadioPremiumTests */ = {
			isa = PBXFileSystemSynchronizedRootGroup;
			path = RadioPremiumTests;
			sourceTree = "<group>";
		};
		3B7138EE2F9FE79300D24883 /* RadioPremiumUITests */ = {
			isa = PBXFileSystemSynchronizedRootGroup;
			path = RadioPremiumUITests;
			sourceTree = "<group>";
		};
		3BCCD6402FC0CB0500292924 /* RadioPremium-iOS */ = {
			isa = PBXFileSystemSynchronizedRootGroup;
			path = "RadioPremium-iOS";
			sourceTree = "<group>";
		};
		3BCCD64E2FC0CB0600292924 /* RadioPremium-iOSTests */ = {
			isa = PBXFileSystemSynchronizedRootGroup;
			path = "RadioPremium-iOSTests";
			sourceTree = "<group>";
		};
		3BCCD6582FC0CB0600292924 /* RadioPremium-iOSUITests */ = {
			isa = PBXFileSystemSynchronizedRootGroup;
			path = "RadioPremium-iOSUITests";
			sourceTree = "<group>";
		};
/* End PBXFileSystemSynchronizedRootGroup section */

/* Begin PBXFrameworksBuildPhase section */
		3B7138D12F9FE79200D24883 /* Frameworks */ = {
			isa = PBXFrameworksBuildPhase;
			buildActionMask = 2147483647;
			files = (
			);
			runOnlyForDeploymentPostprocessing = 0;
		};
		3B7138DE2F9FE79300D24883 /* Frameworks */ = {
			isa = PBXFrameworksBuildPhase;
			buildActionMask = 2147483647;
			files = (
			);
			runOnlyForDeploymentPostprocessing = 0;
		};
		3B7138E82F9FE79300D24883 /* Frameworks */ = {
			isa = PBXFrameworksBuildPhase;
			buildActionMask = 2147483647;
			files = (
			);
			runOnlyForDeploymentPostprocessing = 0;
		};
		3BCCD63C2FC0CB0500292924 /* Frameworks */ = {
			isa = PBXFrameworksBuildPhase;
			buildActionMask = 2147483647;
			files = (
			);
			runOnlyForDeploymentPostprocessing = 0;
		};
		3BCCD6482FC0CB0600292924 /* Frameworks */ = {
			isa = PBXFrameworksBuildPhase;
			buildActionMask = 2147483647;
			files = (
			);
			runOnlyForDeploymentPostprocessing = 0;
		};
		3BCCD6522FC0CB0600292924 /* Frameworks */ = {
			isa = PBXFrameworksBuildPhase;
			buildActionMask = 2147483647;
			files = (
			);
			runOnlyForDeploymentPostprocessing = 0;
		};
/* End PBXFrameworksBuildPhase section */

/* Begin PBXGroup section */
		3B7138CB2F9FE79200D24883 = {
			isa = PBXGroup;
			children = (
				3B7138D62F9FE79200D24883 /* RadioPremium */,
				3B7138E42F9FE79300D24883 /* RadioPremiumTests */,
				3B7138EE2F9FE79300D24883 /* RadioPremiumUITests */,
				3BCCD6402FC0CB0500292924 /* RadioPremium-iOS */,
				3BCCD64E2FC0CB0600292924 /* RadioPremium-iOSTests */,
				3BCCD6582FC0CB0600292924 /* RadioPremium-iOSUITests */,
				3B7138D52F9FE79200D24883 /* Products */,
			);
			sourceTree = "<group>";
		};
		3B7138D52F9FE79200D24883 /* Products */ = {
			isa = PBXGroup;
			children = (
				3B7138D42F9FE79200D24883 /* RadioPremium.app */,
				3B7138E12F9FE79300D24883 /* RadioPremiumTests.xctest */,
				3B7138EB2F9FE79300D24883 /* RadioPremiumUITests.xctest */,
				3BCCD63F2FC0CB0500292924 /* RadioPremium-iOS.app */,
				3BCCD64B2FC0CB0600292924 /* RadioPremium-iOSTests.xctest */,
				3BCCD6552FC0CB0600292924 /* RadioPremium-iOSUITests.xctest */,
			);
			name = Products;
			sourceTree = "<group>";
		};
/* End PBXGroup section */

/* Begin PBXNativeTarget section */
		3B7138D32F9FE79200D24883 /* RadioPremium */ = {
			isa = PBXNativeTarget;
			buildConfigurationList = 3B7138F52F9FE79300D24883 /* Build configuration list for PBXNativeTarget "RadioPremium" */;
			buildPhases = (
				3B7138D02F9FE79200D24883 /* Sources */,
				3B7138D12F9FE79200D24883 /* Frameworks */,
				3B7138D22F9FE79200D24883 /* Resources */,
			);
			buildRules = (
			);
			dependencies = (
			);
			fileSystemSynchronizedGroups = (
				3B7138D62F9FE79200D24883 /* RadioPremium */,
			);
			name = RadioPremium;
			packageProductDependencies = (
			);
			productName = RadioPremium;
			productReference = 3B7138D42F9FE79200D24883 /* RadioPremium.app */;
			productType = "com.apple.product-type.application";
		};
		3B7138E02F9FE79300D24883 /* RadioPremiumTests */ = {
			isa = PBXNativeTarget;
			buildConfigurationList = 3B7138F82F9FE79300D24883 /* Build configuration list for PBXNativeTarget "RadioPremiumTests" */;
			buildPhases = (
				3B7138DD2F9FE79300D24883 /* Sources */,
				3B7138DE2F9FE79300D24883 /* Frameworks */,
				3B7138DF2F9FE79300D24883 /* Resources */,
			);
			buildRules = (
			);
			dependencies = (
				3B7138E32F9FE79300D24883 /* PBXTargetDependency */,
			);
			fileSystemSynchronizedGroups = (
				3B7138E42F9FE79300D24883 /* RadioPremiumTests */,
			);
			name = RadioPremiumTests;
			packageProductDependencies = (
			);
			productName = RadioPremiumTests;
			productReference = 3B7138E12F9FE79300D24883 /* RadioPremiumTests.xctest */;
			productType = "com.apple.product-type.bundle.unit-test";
		};
		3B7138EA2F9FE79300D24883 /* RadioPremiumUITests */ = {
			isa = PBXNativeTarget;
			buildConfigurationList = 3B7138FB2F9FE79300D24883 /* Build configuration list for PBXNativeTarget "RadioPremiumUITests" */;
			buildPhases = (
				3B7138E72F9FE79300D24883 /* Sources */,
				3B7138E82F9FE79300D24883 /* Frameworks */,
				3B7138E92F9FE79300D24883 /* Resources */,
			);
			buildRules = (
			);
			dependencies = (
				3B7138ED2F9FE79300D24883 /* PBXTargetDependency */,
			);
			fileSystemSynchronizedGroups = (
				3B7138EE2F9FE79300D24883 /* RadioPremiumUITests */,
			);
			name = RadioPremiumUITests;
			packageProductDependencies = (
			);
			productName = RadioPremiumUITests;
			productReference = 3B7138EB2F9FE79300D24883 /* RadioPremiumUITests.xctest */;
			productType = "com.apple.product-type.bundle.ui-testing";
		};
		3BCCD63E2FC0CB0500292924 /* RadioPremium-iOS */ = {
			isa = PBXNativeTarget;
			buildConfigurationList = 3BCCD65D2FC0CB0600292924 /* Build configuration list for PBXNativeTarget "RadioPremium-iOS" */;
			buildPhases = (
				3BCCD63B2FC0CB0500292924 /* Sources */,
				3BCCD63C2FC0CB0500292924 /* Frameworks */,
				3BCCD63D2FC0CB0500292924 /* Resources */,
			);
			buildRules = (
			);
			dependencies = (
			);
			fileSystemSynchronizedGroups = (
				3BCCD6402FC0CB0500292924 /* RadioPremium-iOS */,
			);
			name = "RadioPremium-iOS";
			packageProductDependencies = (
			);
			productName = "RadioPremium-iOS";
			productReference = 3BCCD63F2FC0CB0500292924 /* RadioPremium-iOS.app */;
			productType = "com.apple.product-type.application";
		};
		3BCCD64A2FC0CB0600292924 /* RadioPremium-iOSTests */ = {
			isa = PBXNativeTarget;
			buildConfigurationList = 3BCCD6602FC0CB0600292924 /* Build configuration list for PBXNativeTarget "RadioPremium-iOSTests" */;
			buildPhases = (
				3BCCD6472FC0CB0600292924 /* Sources */,
				3BCCD6482FC0CB0600292924 /* Frameworks */,
				3BCCD6492FC0CB0600292924 /* Resources */,
			);
			buildRules = (
			);
			dependencies = (
				3BCCD64D2FC0CB0600292924 /* PBXTargetDependency */,
			);
			fileSystemSynchronizedGroups = (
				3BCCD64E2FC0CB0600292924 /* RadioPremium-iOSTests */,
			);
			name = "RadioPremium-iOSTests";
			packageProductDependencies = (
			);
			productName = "RadioPremium-iOSTests";
			productReference = 3BCCD64B2FC0CB0600292924 /* RadioPremium-iOSTests.xctest */;
			productType = "com.apple.product-type.bundle.unit-test";
		};
		3BCCD6542FC0CB0600292924 /* RadioPremium-iOSUITests */ = {
			isa = PBXNativeTarget;
			buildConfigurationList = 3BCCD6632FC0CB0600292924 /* Build configuration list for PBXNativeTarget "RadioPremium-iOSUITests" */;
			buildPhases = (
				3BCCD6512FC0CB0600292924 /* Sources */,
				3BCCD6522FC0CB0600292924 /* Frameworks */,
				3BCCD6532FC0CB0600292924 /* Resources */,
			);
			buildRules = (
			);
			dependencies = (
				3BCCD6572FC0CB0600292924 /* PBXTargetDependency */,
			);
			fileSystemSynchronizedGroups = (
				3BCCD6582FC0CB0600292924 /* RadioPremium-iOSUITests */,
			);
			name = "RadioPremium-iOSUITests";
			packageProductDependencies = (
			);
			productName = "RadioPremium-iOSUITests";
			productReference = 3BCCD6552FC0CB0600292924 /* RadioPremium-iOSUITests.xctest */;
			productType = "com.apple.product-type.bundle.ui-testing";
		};
/* End PBXNativeTarget section */

/* Begin PBXProject section */
		3B7138CC2F9FE79200D24883 /* Project object */ = {
			isa = PBXProject;
			attributes = {
				BuildIndependentTargetsInParallel = 1;
				LastSwiftUpdateCheck = 2650;
				LastUpgradeCheck = 2640;
				TargetAttributes = {
					3B7138D32F9FE79200D24883 = {
						CreatedOnToolsVersion = 26.4.1;
					};
					3B7138E02F9FE79300D24883 = {
						CreatedOnToolsVersion = 26.4.1;
						TestTargetID = 3B7138D32F9FE79200D24883;
					};
					3B7138EA2F9FE79300D24883 = {
						CreatedOnToolsVersion = 26.4.1;
						TestTargetID = 3B7138D32F9FE79200D24883;
					};
					3BCCD63E2FC0CB0500292924 = {
						CreatedOnToolsVersion = 26.5;
					};
					3BCCD64A2FC0CB0600292924 = {
						CreatedOnToolsVersion = 26.5;
						TestTargetID = 3BCCD63E2FC0CB0500292924;
					};
					3BCCD6542FC0CB0600292924 = {
						CreatedOnToolsVersion = 26.5;
						TestTargetID = 3BCCD63E2FC0CB0500292924;
					};
				};
			};
			buildConfigurationList = 3B7138CF2F9FE79200D24883 /* Build configuration list for PBXProject "RadioPremium" */;
			developmentRegion = en;
			hasScannedForEncodings = 0;
			knownRegions = (
				en,
				Base,
			);
			mainGroup = 3B7138CB2F9FE79200D24883;
			minimizedProjectReferenceProxies = 1;
			preferredProjectObjectVersion = 77;
			productRefGroup = 3B7138D52F9FE79200D24883 /* Products */;
			projectDirPath = "";
			projectRoot = "";
			targets = (
				3B7138D32F9FE79200D24883 /* RadioPremium */,
				3B7138E02F9FE79300D24883 /* RadioPremiumTests */,
				3B7138EA2F9FE79300D24883 /* RadioPremiumUITests */,
				3BCCD63E2FC0CB0500292924 /* RadioPremium-iOS */,
				3BCCD64A2FC0CB0600292924 /* RadioPremium-iOSTests */,
				3BCCD6542FC0CB0600292924 /* RadioPremium-iOSUITests */,
			);
		};
/* End PBXProject section */

/* Begin PBXResourcesBuildPhase section */
		3B7138D22F9FE79200D24883 /* Resources */ = {
			isa = PBXResourcesBuildPhase;
			buildActionMask = 2147483647;
			files = (
			);
			runOnlyForDeploymentPostprocessing = 0;
		};
		3B7138DF2F9FE79300D24883 /* Resources */ = {
			isa = PBXResourcesBuildPhase;
			buildActionMask = 2147483647;
			files = (
			);
			runOnlyForDeploymentPostprocessing = 0;
		};
		3B7138E92F9FE79300D24883 /* Resources */ = {
			isa = PBXResourcesBuildPhase;
			buildActionMask = 2147483647;
			files = (
			);
			runOnlyForDeploymentPostprocessing = 0;
		};
		3BCCD63D2FC0CB0500292924 /* Resources */ = {
			isa = PBXResourcesBuildPhase;
			buildActionMask = 2147483647;
			files = (
			);
			runOnlyForDeploymentPostprocessing = 0;
		};
		3BCCD6492FC0CB0600292924 /* Resources */ = {
			isa = PBXResourcesBuildPhase;
			buildActionMask = 2147483647;
			files = (
			);
			runOnlyForDeploymentPostprocessing = 0;
		};
		3BCCD6532FC0CB0600292924 /* Resources */ = {
			isa = PBXResourcesBuildPhase;
			buildActionMask = 2147483647;
			files = (
			);
			runOnlyForDeploymentPostprocessing = 0;
		};
/* End PBXResourcesBuildPhase section */

/* Begin PBXSourcesBuildPhase section */
		3B7138D02F9FE79200D24883 /* Sources */ = {
			isa = PBXSourcesBuildPhase;
			buildActionMask = 2147483647;
			files = (
			);
			runOnlyForDeploymentPostprocessing = 0;
		};
		3B7138DD2F9FE79300D24883 /* Sources */ = {
			isa = PBXSourcesBuildPhase;
			buildActionMask = 2147483647;
			files = (
			);
			runOnlyForDeploymentPostprocessing = 0;
		};
		3B7138E72F9FE79300D24883 /* Sources */ = {
			isa = PBXSourcesBuildPhase;
			buildActionMask = 2147483647;
			files = (
			);
			runOnlyForDeploymentPostprocessing = 0;
		};
		3BCCD63B2FC0CB0500292924 /* Sources */ = {
			isa = PBXSourcesBuildPhase;
			buildActionMask = 2147483647;
			files = (
			);
			runOnlyForDeploymentPostprocessing = 0;
		};
		3BCCD6472FC0CB0600292924 /* Sources */ = {
			isa = PBXSourcesBuildPhase;
			buildActionMask = 2147483647;
			files = (
			);
			runOnlyForDeploymentPostprocessing = 0;
		};
		3BCCD6512FC0CB0600292924 /* Sources */ = {
			isa = PBXSourcesBuildPhase;
			buildActionMask = 2147483647;
			files = (
			);
			runOnlyForDeploymentPostprocessing = 0;
		};
/* End PBXSourcesBuildPhase section */

/* Begin PBXTargetDependency section */
		3B7138E32F9FE79300D24883 /* PBXTargetDependency */ = {
			isa = PBXTargetDependency;
			target = 3B7138D32F9FE79200D24883 /* RadioPremium */;
			targetProxy = 3B7138E22F9FE79300D24883 /* PBXContainerItemProxy */;
		};
		3B7138ED2F9FE79300D24883 /* PBXTargetDependency */ = {
			isa = PBXTargetDependency;
			target = 3B7138D32F9FE79200D24883 /* RadioPremium */;
			targetProxy = 3B7138EC2F9FE79300D24883 /* PBXContainerItemProxy */;
		};
		3BCCD64D2FC0CB0600292924 /* PBXTargetDependency */ = {
			isa = PBXTargetDependency;
			target = 3BCCD63E2FC0CB0500292924 /* RadioPremium-iOS */;
			targetProxy = 3BCCD64C2FC0CB0600292924 /* PBXContainerItemProxy */;
		};
		3BCCD6572FC0CB0600292924 /* PBXTargetDependency */ = {
			isa = PBXTargetDependency;
			target = 3BCCD63E2FC0CB0500292924 /* RadioPremium-iOS */;
			targetProxy = 3BCCD6562FC0CB0600292924 /* PBXContainerItemProxy */;
		};
/* End PBXTargetDependency section */

/* Begin XCBuildConfiguration section */
		3B7138F32F9FE79300D24883 /* Debug */ = {
			isa = XCBuildConfiguration;
			buildSettings = {
				ALWAYS_SEARCH_USER_PATHS = NO;
				ASSETCATALOG_COMPILER_GENERATE_SWIFT_ASSET_SYMBOL_EXTENSIONS = YES;
				CLANG_ANALYZER_NONNULL = YES;
				CLANG_ANALYZER_NUMBER_OBJECT_CONVERSION = YES_AGGRESSIVE;
				CLANG_CXX_LANGUAGE_STANDARD = "gnu++20";
				CLANG_ENABLE_MODULES = YES;
				CLANG_ENABLE_OBJC_ARC = YES;
				CLANG_ENABLE_OBJC_WEAK = YES;
				CLANG_WARN_BLOCK_CAPTURE_AUTORELEASING = YES;
				CLANG_WARN_BOOL_CONVERSION = YES;
				CLANG_WARN_COMMA = YES;
				CLANG_WARN_CONSTANT_CONVERSION = YES;
				CLANG_WARN_DEPRECATED_OBJC_IMPLEMENTATIONS = YES;
				CLANG_WARN_DIRECT_OBJC_ISA_USAGE = YES_ERROR;
				CLANG_WARN_DOCUMENTATION_COMMENTS = YES;
				CLANG_WARN_EMPTY_BODY = YES;
				CLANG_WARN_ENUM_CONVERSION = YES;
				CLANG_WARN_INFINITE_RECURSION = YES;
				CLANG_WARN_INT_CONVERSION = YES;
				CLANG_WARN_NON_LITERAL_NULL_CONVERSION = YES;
				CLANG_WARN_OBJC_IMPLICIT_RETAIN_SELF = YES;
				CLANG_WARN_OBJC_LITERAL_CONVERSION = YES;
				CLANG_WARN_OBJC_ROOT_CLASS = YES_ERROR;
				CLANG_WARN_QUOTED_INCLUDE_IN_FRAMEWORK_HEADER = YES;
				CLANG_WARN_RANGE_LOOP_ANALYSIS = YES;
				CLANG_WARN_STRICT_PROTOTYPES = YES;
				CLANG_WARN_SUSPICIOUS_MOVE = YES;
				CLANG_WARN_UNGUARDED_AVAILABILITY = YES_AGGRESSIVE;
				CLANG_WARN_UNREACHABLE_CODE = YES;
				CLANG_WARN__DUPLICATE_METHOD_MATCH = YES;
				COPY_PHASE_STRIP = NO;
				DEBUG_INFORMATION_FORMAT = dwarf;
				DEVELOPMENT_TEAM = 886836VWWK;
				ENABLE_STRICT_OBJC_MSGSEND = YES;
				ENABLE_TESTABILITY = YES;
				ENABLE_USER_SCRIPT_SANDBOXING = YES;
				GCC_C_LANGUAGE_STANDARD = gnu17;
				GCC_DYNAMIC_NO_PIC = NO;
				GCC_NO_COMMON_BLOCKS = YES;
				GCC_OPTIMIZATION_LEVEL = 0;
				GCC_PREPROCESSOR_DEFINITIONS = (
					"DEBUG=1",
					"$(inherited)",
				);
				GCC_WARN_64_TO_32_BIT_CONVERSION = YES;
				GCC_WARN_ABOUT_RETURN_TYPE = YES_ERROR;
				GCC_WARN_UNDECLARED_SELECTOR = YES;
				GCC_WARN_UNINITIALIZED_AUTOS = YES_AGGRESSIVE;
				GCC_WARN_UNUSED_FUNCTION = YES;
				GCC_WARN_UNUSED_VARIABLE = YES;
				LOCALIZATION_PREFERS_STRING_CATALOGS = YES;
				MACOSX_DEPLOYMENT_TARGET = 14.0;
				MTL_ENABLE_DEBUG_INFO = INCLUDE_SOURCE;
				MTL_FAST_MATH = YES;
				ONLY_ACTIVE_ARCH = YES;
				SDKROOT = macosx;
				SWIFT_ACTIVE_COMPILATION_CONDITIONS = "DEBUG $(inherited)";
				SWIFT_OPTIMIZATION_LEVEL = "-Onone";
			};
			name = Debug;
		};
		3B7138F42F9FE79300D24883 /* Release */ = {
			isa = XCBuildConfiguration;
			buildSettings = {
				ALWAYS_SEARCH_USER_PATHS = NO;
				ASSETCATALOG_COMPILER_GENERATE_SWIFT_ASSET_SYMBOL_EXTENSIONS = YES;
				CLANG_ANALYZER_NONNULL = YES;
				CLANG_ANALYZER_NUMBER_OBJECT_CONVERSION = YES_AGGRESSIVE;
				CLANG_CXX_LANGUAGE_STANDARD = "gnu++20";
				CLANG_ENABLE_MODULES = YES;
				CLANG_ENABLE_OBJC_ARC = YES;
				CLANG_ENABLE_OBJC_WEAK = YES;
				CLANG_WARN_BLOCK_CAPTURE_AUTORELEASING = YES;
				CLANG_WARN_BOOL_CONVERSION = YES;
				CLANG_WARN_COMMA = YES;
				CLANG_WARN_CONSTANT_CONVERSION = YES;
				CLANG_WARN_DEPRECATED_OBJC_IMPLEMENTATIONS = YES;
				CLANG_WARN_DIRECT_OBJC_ISA_USAGE = YES_ERROR;
				CLANG_WARN_DOCUMENTATION_COMMENTS = YES;
				CLANG_WARN_EMPTY_BODY = YES;
				CLANG_WARN_ENUM_CONVERSION = YES;
				CLANG_WARN_INFINITE_RECURSION = YES;
				CLANG_WARN_INT_CONVERSION = YES;
				CLANG_WARN_NON_LITERAL_NULL_CONVERSION = YES;
				CLANG_WARN_OBJC_IMPLICIT_RETAIN_SELF = YES;
				CLANG_WARN_OBJC_LITERAL_CONVERSION = YES;
				CLANG_WARN_OBJC_ROOT_CLASS = YES_ERROR;
				CLANG_WARN_QUOTED_INCLUDE_IN_FRAMEWORK_HEADER = YES;
				CLANG_WARN_RANGE_LOOP_ANALYSIS = YES;
				CLANG_WARN_STRICT_PROTOTYPES = YES;
				CLANG_WARN_SUSPICIOUS_MOVE = YES;
				CLANG_WARN_UNGUARDED_AVAILABILITY = YES_AGGRESSIVE;
				CLANG_WARN_UNREACHABLE_CODE = YES;
				CLANG_WARN__DUPLICATE_METHOD_MATCH = YES;
				COPY_PHASE_STRIP = NO;
				DEBUG_INFORMATION_FORMAT = "dwarf-with-dsym";
				DEVELOPMENT_TEAM = 886836VWWK;
				ENABLE_NS_ASSERTIONS = NO;
				ENABLE_STRICT_OBJC_MSGSEND = YES;
				ENABLE_USER_SCRIPT_SANDBOXING = YES;
				GCC_C_LANGUAGE_STANDARD = gnu17;
				GCC_NO_COMMON_BLOCKS = YES;
				GCC_WARN_64_TO_32_BIT_CONVERSION = YES;
				GCC_WARN_ABOUT_RETURN_TYPE = YES_ERROR;
				GCC_WARN_UNDECLARED_SELECTOR = YES;
				GCC_WARN_UNINITIALIZED_AUTOS = YES_AGGRESSIVE;
				GCC_WARN_UNUSED_FUNCTION = YES;
				GCC_WARN_UNUSED_VARIABLE = YES;
				LOCALIZATION_PREFERS_STRING_CATALOGS = YES;
				MACOSX_DEPLOYMENT_TARGET = 14.0;
				MTL_ENABLE_DEBUG_INFO = NO;
				MTL_FAST_MATH = YES;
				SDKROOT = macosx;
				SWIFT_COMPILATION_MODE = wholemodule;
			};
			name = Release;
		};
		3B7138F62F9FE79300D24883 /* Debug */ = {
			isa = XCBuildConfiguration;
			buildSettings = {
				ASSETCATALOG_COMPILER_APPICON_NAME = AppIcon;
				ASSETCATALOG_COMPILER_GLOBAL_ACCENT_COLOR_NAME = AccentColor;
				CODE_SIGN_ENTITLEMENTS = RadioPremium.entitlements;
				CODE_SIGN_IDENTITY = "Apple Development";
				"CODE_SIGN_IDENTITY[sdk=macosx*]" = "Apple Development";
				CODE_SIGN_STYLE = Automatic;
				COMBINE_HIDPI_IMAGES = YES;
				CURRENT_PROJECT_VERSION = 1;
				DEVELOPMENT_TEAM = 886836VWWK;
				ENABLE_APP_SANDBOX = NO;
				ENABLE_HARDENED_RUNTIME = YES;
				ENABLE_PREVIEWS = YES;
				ENABLE_USER_SELECTED_FILES = readonly;
				GENERATE_INFOPLIST_FILE = YES;
				INFOPLIST_FILE = Info.plist;
				INFOPLIST_KEY_CFBundleDisplayName = "Radio Premium";
				INFOPLIST_KEY_LSApplicationCategoryType = "public.app-category.music";
				INFOPLIST_KEY_LSUIElement = YES;
				INFOPLIST_KEY_NSHumanReadableCopyright = "© 2026 Juan Blanco Sampedro";
				INFOPLIST_KEY_NSScreenCaptureDescription = "Para identificar canciones que están sonando";
				LD_RUNPATH_SEARCH_PATHS = (
					"$(inherited)",
					"@executable_path/../Frameworks",
				);
				MARKETING_VERSION = 1.0;
				PRODUCT_BUNDLE_IDENTIFIER = com.blancosampedro.RadioPremium;
				PRODUCT_NAME = "$(TARGET_NAME)";
				PROVISIONING_PROFILE_SPECIFIER = "";
				REGISTER_APP_GROUPS = YES;
				STRING_CATALOG_GENERATE_SYMBOLS = YES;
				SWIFT_APPROACHABLE_CONCURRENCY = YES;
				SWIFT_DEFAULT_ACTOR_ISOLATION = MainActor;
				SWIFT_EMIT_LOC_STRINGS = YES;
				SWIFT_UPCOMING_FEATURE_MEMBER_IMPORT_VISIBILITY = YES;
				SWIFT_VERSION = 5.0;
			};
			name = Debug;
		};
		3B7138F72F9FE79300D24883 /* Release */ = {
			isa = XCBuildConfiguration;
			buildSettings = {
				ASSETCATALOG_COMPILER_APPICON_NAME = AppIcon;
				ASSETCATALOG_COMPILER_GLOBAL_ACCENT_COLOR_NAME = AccentColor;
				CODE_SIGN_ENTITLEMENTS = RadioPremium.entitlements;
				CODE_SIGN_IDENTITY = "Apple Development";
				"CODE_SIGN_IDENTITY[sdk=macosx*]" = "Apple Development";
				CODE_SIGN_STYLE = Automatic;
				COMBINE_HIDPI_IMAGES = YES;
				CURRENT_PROJECT_VERSION = 1;
				DEVELOPMENT_TEAM = 886836VWWK;
				ENABLE_APP_SANDBOX = NO;
				ENABLE_HARDENED_RUNTIME = YES;
				ENABLE_PREVIEWS = YES;
				ENABLE_USER_SELECTED_FILES = readonly;
				GENERATE_INFOPLIST_FILE = YES;
				INFOPLIST_FILE = Info.plist;
				INFOPLIST_KEY_CFBundleDisplayName = "Radio Premium";
				INFOPLIST_KEY_LSApplicationCategoryType = "public.app-category.music";
				INFOPLIST_KEY_LSUIElement = YES;
				INFOPLIST_KEY_NSHumanReadableCopyright = "© 2026 Juan Blanco Sampedro";
				INFOPLIST_KEY_NSScreenCaptureDescription = "Para identificar canciones que están sonando";
				LD_RUNPATH_SEARCH_PATHS = (
					"$(inherited)",
					"@executable_path/../Frameworks",
				);
				MARKETING_VERSION = 1.0;
				PRODUCT_BUNDLE_IDENTIFIER = com.blancosampedro.RadioPremium;
				PRODUCT_NAME = "$(TARGET_NAME)";
				PROVISIONING_PROFILE_SPECIFIER = "";
				REGISTER_APP_GROUPS = YES;
				STRING_CATALOG_GENERATE_SYMBOLS = YES;
				SWIFT_APPROACHABLE_CONCURRENCY = YES;
				SWIFT_DEFAULT_ACTOR_ISOLATION = MainActor;
				SWIFT_EMIT_LOC_STRINGS = YES;
				SWIFT_UPCOMING_FEATURE_MEMBER_IMPORT_VISIBILITY = YES;
				SWIFT_VERSION = 5.0;
			};
			name = Release;
		};
		3B7138F92F9FE79300D24883 /* Debug */ = {
			isa = XCBuildConfiguration;
			buildSettings = {
				BUNDLE_LOADER = "$(TEST_HOST)";
				CODE_SIGN_STYLE = Automatic;
				CURRENT_PROJECT_VERSION = 1;
				DEVELOPMENT_TEAM = 886836VWWK;
				GENERATE_INFOPLIST_FILE = YES;
				MACOSX_DEPLOYMENT_TARGET = 14.0;
				MARKETING_VERSION = 1.0;
				PRODUCT_BUNDLE_IDENTIFIER = com.blancosampedro.RadioPremiumTests;
				PRODUCT_NAME = "$(TARGET_NAME)";
				STRING_CATALOG_GENERATE_SYMBOLS = NO;
				SWIFT_APPROACHABLE_CONCURRENCY = YES;
				SWIFT_EMIT_LOC_STRINGS = NO;
				SWIFT_UPCOMING_FEATURE_MEMBER_IMPORT_VISIBILITY = YES;
				SWIFT_VERSION = 5.0;
				TEST_HOST = "$(BUILT_PRODUCTS_DIR)/RadioPremium.app/$(BUNDLE_EXECUTABLE_FOLDER_PATH)/RadioPremium";
			};
			name = Debug;
		};
		3B7138FA2F9FE79300D24883 /* Release */ = {
			isa = XCBuildConfiguration;
			buildSettings = {
				BUNDLE_LOADER = "$(TEST_HOST)";
				CODE_SIGN_STYLE = Automatic;
				CURRENT_PROJECT_VERSION = 1;
				DEVELOPMENT_TEAM = 886836VWWK;
				GENERATE_INFOPLIST_FILE = YES;
				MACOSX_DEPLOYMENT_TARGET = 14.0;
				MARKETING_VERSION = 1.0;
				PRODUCT_BUNDLE_IDENTIFIER = com.blancosampedro.RadioPremiumTests;
				PRODUCT_NAME = "$(TARGET_NAME)";
				STRING_CATALOG_GENERATE_SYMBOLS = NO;
				SWIFT_APPROACHABLE_CONCURRENCY = YES;
				SWIFT_EMIT_LOC_STRINGS = NO;
				SWIFT_UPCOMING_FEATURE_MEMBER_IMPORT_VISIBILITY = YES;
				SWIFT_VERSION = 5.0;
				TEST_HOST = "$(BUILT_PRODUCTS_DIR)/RadioPremium.app/$(BUNDLE_EXECUTABLE_FOLDER_PATH)/RadioPremium";
			};
			name = Release;
		};
		3B7138FC2F9FE79300D24883 /* Debug */ = {
			isa = XCBuildConfiguration;
			buildSettings = {
				CODE_SIGN_STYLE = Automatic;
				CURRENT_PROJECT_VERSION = 1;
				DEVELOPMENT_TEAM = 886836VWWK;
				GENERATE_INFOPLIST_FILE = YES;
				MARKETING_VERSION = 1.0;
				PRODUCT_BUNDLE_IDENTIFIER = com.blancosampedro.RadioPremiumUITests;
				PRODUCT_NAME = "$(TARGET_NAME)";
				STRING_CATALOG_GENERATE_SYMBOLS = NO;
				SWIFT_APPROACHABLE_CONCURRENCY = YES;
				SWIFT_EMIT_LOC_STRINGS = NO;
				SWIFT_UPCOMING_FEATURE_MEMBER_IMPORT_VISIBILITY = YES;
				SWIFT_VERSION = 5.0;
				TEST_TARGET_NAME = RadioPremium;
			};
			name = Debug;
		};
		3B7138FD2F9FE79300D24883 /* Release */ = {
			isa = XCBuildConfiguration;
			buildSettings = {
				CODE_SIGN_STYLE = Automatic;
				CURRENT_PROJECT_VERSION = 1;
				DEVELOPMENT_TEAM = 886836VWWK;
				GENERATE_INFOPLIST_FILE = YES;
				MARKETING_VERSION = 1.0;
				PRODUCT_BUNDLE_IDENTIFIER = com.blancosampedro.RadioPremiumUITests;
				PRODUCT_NAME = "$(TARGET_NAME)";
				STRING_CATALOG_GENERATE_SYMBOLS = NO;
				SWIFT_APPROACHABLE_CONCURRENCY = YES;
				SWIFT_EMIT_LOC_STRINGS = NO;
				SWIFT_UPCOMING_FEATURE_MEMBER_IMPORT_VISIBILITY = YES;
				SWIFT_VERSION = 5.0;
				TEST_TARGET_NAME = RadioPremium;
			};
			name = Release;
		};
		3BCCD65E2FC0CB0600292924 /* Debug */ = {
			isa = XCBuildConfiguration;
			buildSettings = {
				INFOPLIST_FILE = "RadioPremium-iOS-Info.plist";
				CODE_SIGN_ENTITLEMENTS = "RadioPremium-iOS/RadioPremium-iOS.entitlements";
				"CODE_SIGN_ENTITLEMENTS[sdk=iphonesimulator*]" = "RadioPremium-iOS/RadioPremium-iOS-CarPlay.entitlements";
				ASSETCATALOG_COMPILER_APPICON_NAME = AppIcon;
				ASSETCATALOG_COMPILER_GLOBAL_ACCENT_COLOR_NAME = AccentColor;
				CODE_SIGN_STYLE = Automatic;
				CURRENT_PROJECT_VERSION = 1;
				DEVELOPMENT_TEAM = 886836VWWK;
				ENABLE_PREVIEWS = YES;
				GENERATE_INFOPLIST_FILE = YES;
				INFOPLIST_KEY_UIApplicationSceneManifest_Generation = NO;
				INFOPLIST_KEY_UIApplicationSupportsIndirectInputEvents = YES;
				INFOPLIST_KEY_UIBackgroundModes = audio;
				INFOPLIST_KEY_UILaunchScreen_Generation = YES;
				INFOPLIST_KEY_UISupportedInterfaceOrientations_iPad = "UIInterfaceOrientationPortrait UIInterfaceOrientationPortraitUpsideDown UIInterfaceOrientationLandscapeLeft UIInterfaceOrientationLandscapeRight";
				INFOPLIST_KEY_UISupportedInterfaceOrientations_iPhone = "UIInterfaceOrientationPortrait UIInterfaceOrientationLandscapeLeft UIInterfaceOrientationLandscapeRight";
				IPHONEOS_DEPLOYMENT_TARGET = 17.0;
				LD_RUNPATH_SEARCH_PATHS = (
					"$(inherited)",
					"@executable_path/../Frameworks",
				);
				MARKETING_VERSION = 1.0;
				PRODUCT_BUNDLE_IDENTIFIER = "com.blancosampedro.RadioPremium-iOS";
				PRODUCT_NAME = "$(TARGET_NAME)";
				REGISTER_APP_GROUPS = YES;
				SDKROOT = iphoneos;
				STRING_CATALOG_GENERATE_SYMBOLS = YES;
				SUPPORTED_PLATFORMS = "iphoneos iphonesimulator";
				SWIFT_APPROACHABLE_CONCURRENCY = YES;
				SWIFT_DEFAULT_ACTOR_ISOLATION = MainActor;
				SWIFT_EMIT_LOC_STRINGS = YES;
				SWIFT_UPCOMING_FEATURE_MEMBER_IMPORT_VISIBILITY = YES;
				SWIFT_VERSION = 5.0;
				TARGETED_DEVICE_FAMILY = "1,2";
			};
			name = Debug;
		};
		3BCCD65F2FC0CB0600292924 /* Release */ = {
			isa = XCBuildConfiguration;
			buildSettings = {
				INFOPLIST_FILE = "RadioPremium-iOS-Info.plist";
				CODE_SIGN_ENTITLEMENTS = "RadioPremium-iOS/RadioPremium-iOS.entitlements";
				"CODE_SIGN_ENTITLEMENTS[sdk=iphonesimulator*]" = "RadioPremium-iOS/RadioPremium-iOS-CarPlay.entitlements";
				ASSETCATALOG_COMPILER_APPICON_NAME = AppIcon;
				ASSETCATALOG_COMPILER_GLOBAL_ACCENT_COLOR_NAME = AccentColor;
				CODE_SIGN_STYLE = Automatic;
				CURRENT_PROJECT_VERSION = 1;
				DEVELOPMENT_TEAM = 886836VWWK;
				ENABLE_PREVIEWS = YES;
				GENERATE_INFOPLIST_FILE = YES;
				INFOPLIST_KEY_UIApplicationSceneManifest_Generation = NO;
				INFOPLIST_KEY_UIApplicationSupportsIndirectInputEvents = YES;
				INFOPLIST_KEY_UIBackgroundModes = audio;
				INFOPLIST_KEY_UILaunchScreen_Generation = YES;
				INFOPLIST_KEY_UISupportedInterfaceOrientations_iPad = "UIInterfaceOrientationPortrait UIInterfaceOrientationPortraitUpsideDown UIInterfaceOrientationLandscapeLeft UIInterfaceOrientationLandscapeRight";
				INFOPLIST_KEY_UISupportedInterfaceOrientations_iPhone = "UIInterfaceOrientationPortrait UIInterfaceOrientationLandscapeLeft UIInterfaceOrientationLandscapeRight";
				IPHONEOS_DEPLOYMENT_TARGET = 17.0;
				LD_RUNPATH_SEARCH_PATHS = (
					"$(inherited)",
					"@executable_path/../Frameworks",
				);
				MARKETING_VERSION = 1.0;
				PRODUCT_BUNDLE_IDENTIFIER = "com.blancosampedro.RadioPremium-iOS";
				PRODUCT_NAME = "$(TARGET_NAME)";
				REGISTER_APP_GROUPS = YES;
				SDKROOT = iphoneos;
				STRING_CATALOG_GENERATE_SYMBOLS = YES;
				SUPPORTED_PLATFORMS = "iphoneos iphonesimulator";
				SWIFT_APPROACHABLE_CONCURRENCY = YES;
				SWIFT_DEFAULT_ACTOR_ISOLATION = MainActor;
				SWIFT_EMIT_LOC_STRINGS = YES;
				SWIFT_UPCOMING_FEATURE_MEMBER_IMPORT_VISIBILITY = YES;
				SWIFT_VERSION = 5.0;
				TARGETED_DEVICE_FAMILY = "1,2";
			};
			name = Release;
		};
		3BCCD6612FC0CB0600292924 /* Debug */ = {
			isa = XCBuildConfiguration;
			buildSettings = {
				BUNDLE_LOADER = "$(TEST_HOST)";
				CODE_SIGN_STYLE = Automatic;
				CURRENT_PROJECT_VERSION = 1;
				DEVELOPMENT_TEAM = 886836VWWK;
				GENERATE_INFOPLIST_FILE = YES;
				IPHONEOS_DEPLOYMENT_TARGET = 17.0;
				LD_RUNPATH_SEARCH_PATHS = (
					"$(inherited)",
					"@executable_path/Frameworks",
				);
				MARKETING_VERSION = 1.0;
				PRODUCT_BUNDLE_IDENTIFIER = "com.blancosampedro.RadioPremium-iOSTests";
				PRODUCT_NAME = "$(TARGET_NAME)";
				SDKROOT = iphoneos;
				STRING_CATALOG_GENERATE_SYMBOLS = NO;
				SUPPORTED_PLATFORMS = "iphoneos iphonesimulator";
				SWIFT_APPROACHABLE_CONCURRENCY = YES;
				SWIFT_EMIT_LOC_STRINGS = NO;
				SWIFT_UPCOMING_FEATURE_MEMBER_IMPORT_VISIBILITY = YES;
				SWIFT_VERSION = 5.0;
				TARGETED_DEVICE_FAMILY = "1,2";
				TEST_HOST = "$(BUILT_PRODUCTS_DIR)/RadioPremium-iOS.app/$(BUNDLE_EXECUTABLE_FOLDER_PATH)/RadioPremium-iOS";
			};
			name = Debug;
		};
		3BCCD6622FC0CB0600292924 /* Release */ = {
			isa = XCBuildConfiguration;
			buildSettings = {
				BUNDLE_LOADER = "$(TEST_HOST)";
				CODE_SIGN_STYLE = Automatic;
				CURRENT_PROJECT_VERSION = 1;
				DEVELOPMENT_TEAM = 886836VWWK;
				GENERATE_INFOPLIST_FILE = YES;
				IPHONEOS_DEPLOYMENT_TARGET = 17.0;
				LD_RUNPATH_SEARCH_PATHS = (
					"$(inherited)",
					"@executable_path/Frameworks",
				);
				MARKETING_VERSION = 1.0;
				PRODUCT_BUNDLE_IDENTIFIER = "com.blancosampedro.RadioPremium-iOSTests";
				PRODUCT_NAME = "$(TARGET_NAME)";
				SDKROOT = iphoneos;
				STRING_CATALOG_GENERATE_SYMBOLS = NO;
				SUPPORTED_PLATFORMS = "iphoneos iphonesimulator";
				SWIFT_APPROACHABLE_CONCURRENCY = YES;
				SWIFT_EMIT_LOC_STRINGS = NO;
				SWIFT_UPCOMING_FEATURE_MEMBER_IMPORT_VISIBILITY = YES;
				SWIFT_VERSION = 5.0;
				TARGETED_DEVICE_FAMILY = "1,2";
				TEST_HOST = "$(BUILT_PRODUCTS_DIR)/RadioPremium-iOS.app/$(BUNDLE_EXECUTABLE_FOLDER_PATH)/RadioPremium-iOS";
			};
			name = Release;
		};
		3BCCD6642FC0CB0600292924 /* Debug */ = {
			isa = XCBuildConfiguration;
			buildSettings = {
				CODE_SIGN_STYLE = Automatic;
				CURRENT_PROJECT_VERSION = 1;
				DEVELOPMENT_TEAM = 886836VWWK;
				GENERATE_INFOPLIST_FILE = YES;
				IPHONEOS_DEPLOYMENT_TARGET = 17.0;
				LD_RUNPATH_SEARCH_PATHS = (
					"$(inherited)",
					"@executable_path/Frameworks",
				);
				MARKETING_VERSION = 1.0;
				PRODUCT_BUNDLE_IDENTIFIER = "com.blancosampedro.RadioPremium-iOSUITests";
				PRODUCT_NAME = "$(TARGET_NAME)";
				SDKROOT = iphoneos;
				STRING_CATALOG_GENERATE_SYMBOLS = NO;
				SUPPORTED_PLATFORMS = "iphoneos iphonesimulator";
				SWIFT_APPROACHABLE_CONCURRENCY = YES;
				SWIFT_EMIT_LOC_STRINGS = NO;
				SWIFT_UPCOMING_FEATURE_MEMBER_IMPORT_VISIBILITY = YES;
				SWIFT_VERSION = 5.0;
				TARGETED_DEVICE_FAMILY = "1,2";
				TEST_TARGET_NAME = "RadioPremium-iOS";
			};
			name = Debug;
		};
		3BCCD6652FC0CB0600292924 /* Release */ = {
			isa = XCBuildConfiguration;
			buildSettings = {
				CODE_SIGN_STYLE = Automatic;
				CURRENT_PROJECT_VERSION = 1;
				DEVELOPMENT_TEAM = 886836VWWK;
				GENERATE_INFOPLIST_FILE = YES;
				IPHONEOS_DEPLOYMENT_TARGET = 17.0;
				LD_RUNPATH_SEARCH_PATHS = (
					"$(inherited)",
					"@executable_path/Frameworks",
				);
				MARKETING_VERSION = 1.0;
				PRODUCT_BUNDLE_IDENTIFIER = "com.blancosampedro.RadioPremium-iOSUITests";
				PRODUCT_NAME = "$(TARGET_NAME)";
				SDKROOT = iphoneos;
				STRING_CATALOG_GENERATE_SYMBOLS = NO;
				SUPPORTED_PLATFORMS = "iphoneos iphonesimulator";
				SWIFT_APPROACHABLE_CONCURRENCY = YES;
				SWIFT_EMIT_LOC_STRINGS = NO;
				SWIFT_UPCOMING_FEATURE_MEMBER_IMPORT_VISIBILITY = YES;
				SWIFT_VERSION = 5.0;
				TARGETED_DEVICE_FAMILY = "1,2";
				TEST_TARGET_NAME = "RadioPremium-iOS";
			};
			name = Release;
		};
/* End XCBuildConfiguration section */

/* Begin XCConfigurationList section */
		3B7138CF2F9FE79200D24883 /* Build configuration list for PBXProject "RadioPremium" */ = {
			isa = XCConfigurationList;
			buildConfigurations = (
				3B7138F32F9FE79300D24883 /* Debug */,
				3B7138F42F9FE79300D24883 /* Release */,
			);
			defaultConfigurationIsVisible = 0;
			defaultConfigurationName = Release;
		};
		3B7138F52F9FE79300D24883 /* Build configuration list for PBXNativeTarget "RadioPremium" */ = {
			isa = XCConfigurationList;
			buildConfigurations = (
				3B7138F62F9FE79300D24883 /* Debug */,
				3B7138F72F9FE79300D24883 /* Release */,
			);
			defaultConfigurationIsVisible = 0;
			defaultConfigurationName = Release;
		};
		3B7138F82F9FE79300D24883 /* Build configuration list for PBXNativeTarget "RadioPremiumTests" */ = {
			isa = XCConfigurationList;
			buildConfigurations = (
				3B7138F92F9FE79300D24883 /* Debug */,
				3B7138FA2F9FE79300D24883 /* Release */,
			);
			defaultConfigurationIsVisible = 0;
			defaultConfigurationName = Release;
		};
		3B7138FB2F9FE79300D24883 /* Build configuration list for PBXNativeTarget "RadioPremiumUITests" */ = {
			isa = XCConfigurationList;
			buildConfigurations = (
				3B7138FC2F9FE79300D24883 /* Debug */,
				3B7138FD2F9FE79300D24883 /* Release */,
			);
			defaultConfigurationIsVisible = 0;
			defaultConfigurationName = Release;
		};
		3BCCD65D2FC0CB0600292924 /* Build configuration list for PBXNativeTarget "RadioPremium-iOS" */ = {
			isa = XCConfigurationList;
			buildConfigurations = (
				3BCCD65E2FC0CB0600292924 /* Debug */,
				3BCCD65F2FC0CB0600292924 /* Release */,
			);
			defaultConfigurationIsVisible = 0;
			defaultConfigurationName = Release;
		};
		3BCCD6602FC0CB0600292924 /* Build configuration list for PBXNativeTarget "RadioPremium-iOSTests" */ = {
			isa = XCConfigurationList;
			buildConfigurations = (
				3BCCD6612FC0CB0600292924 /* Debug */,
				3BCCD6622FC0CB0600292924 /* Release */,
			);
			defaultConfigurationIsVisible = 0;
			defaultConfigurationName = Release;
		};
		3BCCD6632FC0CB0600292924 /* Build configuration list for PBXNativeTarget "RadioPremium-iOSUITests" */ = {
			isa = XCConfigurationList;
			buildConfigurations = (
				3BCCD6642FC0CB0600292924 /* Debug */,
				3BCCD6652FC0CB0600292924 /* Release */,
			);
			defaultConfigurationIsVisible = 0;
			defaultConfigurationName = Release;
		};
/* End XCConfigurationList section */
	};
	rootObject = 3B7138CC2F9FE79200D24883 /* Project object */;
}
